// !$*UTF8*$!
{
	archiveVersion = 1;
	classes = {
	};
	objectVersion = 50;
	objects = {

/* Begin PBXBuildFile section */
		79E314EF268A0F61003A1460 /* ThreeDucksApp.swift in Sources */ = {isa = PBXBuildFile; fileRef = 79E314EE268A0F61003A1460 /* ThreeDucksApp.swift */; };
		79E314F1268A0F61003A1460 /* ContentView.swift in Sources */ = {isa = PBXBuildFile; fileRef = 79E314F0268A0F61003A1460 /* ContentView.swift */; };
		79E314F6268A0F62003A1460 /* Preview Assets.xcassets in Resources */ = {isa = PBXBuildFile; fileRef = 79E314F5268A0F62003A1460 /* Preview Assets.xcassets */; };
		79E314FE268A0FCB003A1460 /* TitleScreenView.swift in Sources */ = {isa = PBXBuildFile; fileRef = 79E314FD268A0FCB003A1460 /* TitleScreenView.swift */; };
		79E31502268A12CC003A1460 /* Assets.xcassets in Resources */ = {isa = PBXBuildFile; fileRef = 79E31500268A12CC003A1460 /* Assets.xcassets */; };
		79E31503268A12CC003A1460 /* duck.mp3 in Resources */ = {isa = PBXBuildFile; fileRef = 79E31501268A12CC003A1460 /* duck.mp3 */; };
		79E31509268A13FE003A1460 /* DifficultyLevel.swift in Sources */ = {isa = PBXBuildFile; fileRef = 79E31508268A13FE003A1460 /* DifficultyLevel.swift */; };
		79E3150B268A16AB003A1460 /* Card.swift in Sources */ = {isa = PBXBuildFile; fileRef = 79E3150A268A16AB003A1460 /* Card.swift */; };
		79E3150D268A17A9003A1460 /* Animal.swift in Sources */ = {isa = PBXBuildFile; fileRef = 79E3150C268A17A9003A1460 /* Animal.swift */; };
		79E3150F268A1898003A1460 /* GameState.swift in Sources */ = {isa = PBXBuildFile; fileRef = 79E3150E268A1898003A1460 /* GameState.swift */; };
		79E31511268A18B8003A1460 /* Score.swift in Sources */ = {isa = PBXBuildFile; fileRef = 79E31510268A18B8003A1460 /* Score.swift */; };
		79E31513268A1984003A1460 /* ScorePersistence.swift in Sources */ = {isa = PBXBuildFile; fileRef = 79E31512268A1984003A1460 /* ScorePersistence.swift */; };
		79E31515268A1AEF003A1460 /* QuackPlayer.swift in Sources */ = {isa = PBXBuildFile; fileRef = 79E31514268A1AEF003A1460 /* QuackPlayer.swift */; };
		79E31517268A1C25003A1460 /* GameWinScreenView.swift in Sources */ = {isa = PBXBuildFile; fileRef = 79E31516268A1C25003A1460 /* GameWinScreenView.swift */; };
		79E31519268A1D5D003A1460 /* GameScreenView.swift in Sources */ = {isa = PBXBuildFile; fileRef = 79E31518268A1D5D003A1460 /* GameScreenView.swift */; };
		79E3151B268A2074003A1460 /* CardGridView.swift in Sources */ = {isa = PBXBuildFile; fileRef = 79E3151A268A2074003A1460 /* CardGridView.swift */; };
		79E3151D268A21C4003A1460 /* CardView.swift in Sources */ = {isa = PBXBuildFile; fileRef = 79E3151C268A21C4003A1460 /* CardView.swift */; };
		79E3151F268A22D8003A1460 /* CardFrontContentView.swift in Sources */ = {isa = PBXBuildFile; fileRef = 79E3151E268A22D8003A1460 /* CardFrontContentView.swift */; };
		79E31521268A2421003A1460 /* CardBackContentView.swift in Sources */ = {isa = PBXBuildFile; fileRef = 79E31520268A2421003A1460 /* CardBackContentView.swift */; };
		79E31524268A294E003A1460 /* State.swift in Sources */ = {isa = PBXBuildFile; fileRef = 79E31523268A294E003A1460 /* State.swift */; };
		79E31526268A299A003A1460 /* Store.swift in Sources */ = {isa = PBXBuildFile; fileRef = 79E31525268A299A003A1460 /* Store.swift */; };
		79E31528268A2CA5003A1460 /* Action.swift in Sources */ = {isa = PBXBuildFile; fileRef = 79E31527268A2CA5003A1460 /* Action.swift */; };
		79E3152A268A2D55003A1460 /* Reducer.swift in Sources */ = {isa = PBXBuildFile; fileRef = 79E31529268A2D55003A1460 /* Reducer.swift */; };
		79E3152C268A3B74003A1460 /* Middleware.swift in Sources */ = {isa = PBXBuildFile; fileRef = 79E3152B268A3B74003A1460 /* Middleware.swift */; };
		79E3152E268A3CEF003A1460 /* GameLogicMiddleware.swift in Sources */ = {isa = PBXBuildFile; fileRef = 79E3152D268A3CEF003A1460 /* GameLogicMiddleware.swift */; };
/* End PBXBuildFile section */

/* Begin PBXFileReference section */
		79E314EB268A0F61003A1460 /* ThreeDucks.app */ = {isa = PBXFileReference; explicitFileType = wrapper.application; includeInIndex = 0; path = ThreeDucks.app; sourceTree = BUILT_PRODUCTS_DIR; };
		79E314EE268A0F61003A1460 /* ThreeDucksApp.swift */ = {isa = PBXFileReference; lastKnownFileType = sourcecode.swift; path = ThreeDucksApp.swift; sourceTree = "<group>"; };
		79E314F0268A0F61003A1460 /* ContentView.swift */ = {isa = PBXFileReference; lastKnownFileType = sourcecode.swift; path = ContentView.swift; sourceTree = "<group>"; };
		79E314F5268A0F62003A1460 /* Preview Assets.xcassets */ = {isa = PBXFileReference; lastKnownFileType = folder.assetcatalog; path = "Preview Assets.xcassets"; sourceTree = "<group>"; };
		79E314F7268A0F62003A1460 /* Info.plist */ = {isa = PBXFileReference; lastKnownFileType = text.plist.xml; path = Info.plist; sourceTree = "<group>"; };
		79E314FD268A0FCB003A1460 /* TitleScreenView.swift */ = {isa = PBXFileReference; lastKnownFileType = sourcecode.swift; path = TitleScreenView.swift; sourceTree = "<group>"; };
		79E31500268A12CC003A1460 /* Assets.xcassets */ = {isa = PBXFileReference; lastKnownFileType = folder.assetcatalog; path = Assets.xcassets; sourceTree = "<group>"; };
		79E31501268A12CC003A1460 /* duck.mp3 */ = {isa = PBXFileReference; lastKnownFileType = audio.mp3; path = duck.mp3; sourceTree = "<group>"; };
		79E31508268A13FE003A1460 /* DifficultyLevel.swift */ = {isa = PBXFileReference; lastKnownFileType = sourcecode.swift; path = DifficultyLevel.swift; sourceTree = "<group>"; };
		79E3150A268A16AB003A1460 /* Card.swift */ = {isa = PBXFileReference; lastKnownFileType = sourcecode.swift; path = Card.swift; sourceTree = "<group>"; };
		79E3150C268A17A9003A1460 /* Animal.swift */ = {isa = PBXFileReference; lastKnownFileType = sourcecode.swift; path = Animal.swift; sourceTree = "<group>"; };
		79E3150E268A1898003A1460 /* GameState.swift */ = {isa = PBXFileReference; lastKnownFileType = sourcecode.swift; path = GameState.swift; sourceTree = "<group>"; };
		79E31510268A18B8003A1460 /* Score.swift */ = {isa = PBXFileReference; lastKnownFileType = sourcecode.swift; path = Score.swift; sourceTree = "<group>"; };
		79E31512268A1984003A1460 /* ScorePersistence.swift */ = {isa = PBXFileReference; lastKnownFileType = sourcecode.swift; path = ScorePersistence.swift; sourceTree = "<group>"; };
		79E31514268A1AEF003A1460 /* QuackPlayer.swift */ = {isa = PBXFileReference; lastKnownFileType = sourcecode.swift; path = QuackPlayer.swift; sourceTree = "<group>"; };
		79E31516268A1C25003A1460 /* GameWinScreenView.swift */ = {isa = PBXFileReference; lastKnownFileType = sourcecode.swift; path = GameWinScreenView.swift; sourceTree = "<group>"; };
		79E31518268A1D5D003A1460 /* GameScreenView.swift */ = {isa = PBXFileReference; lastKnownFileType = sourcecode.swift; path = GameScreenView.swift; sourceTree = "<group>"; };
		79E3151A268A2074003A1460 /* CardGridView.swift */ = {isa = PBXFileReference; lastKnownFileType = sourcecode.swift; path = CardGridView.swift; sourceTree = "<group>"; };
		79E3151C268A21C4003A1460 /* CardView.swift */ = {isa = PBXFileReference; lastKnownFileType = sourcecode.swift; path = CardView.swift; sourceTree = "<group>"; };
		79E3151E268A22D8003A1460 /* CardFrontContentView.swift */ = {isa = PBXFileReference; lastKnownFileType = sourcecode.swift; path = CardFrontContentView.swift; sourceTree = "<group>"; };
		79E31520268A2421003A1460 /* CardBackContentView.swift */ = {isa = PBXFileReference; lastKnownFileType = sourcecode.swift; path = CardBackContentView.swift; sourceTree = "<group>"; };
		79E31523268A294E003A1460 /* State.swift */ = {isa = PBXFileReference; lastKnownFileType = sourcecode.swift; path = State.swift; sourceTree = "<group>"; };
		79E31525268A299A003A1460 /* Store.swift */ = {isa = PBXFileReference; lastKnownFileType = sourcecode.swift; path = Store.swift; sourceTree = "<group>"; };
		79E31527268A2CA5003A1460 /* Action.swift */ = {isa = PBXFileReference; lastKnownFileType = sourcecode.swift; path = Action.swift; sourceTree = "<group>"; };
		79E31529268A2D55003A1460 /* Reducer.swift */ = {isa = PBXFileReference; lastKnownFileType = sourcecode.swift; path = Reducer.swift; sourceTree = "<group>"; };
		79E3152B268A3B74003A1460 /* Middleware.swift */ = {isa = PBXFileReference; lastKnownFileType = sourcecode.swift; path = Middleware.swift; sourceTree = "<group>"; };
		79E3152D268A3CEF003A1460 /* GameLogicMiddleware.swift */ = {isa = PBXFileReference; lastKnownFileType = sourcecode.swift; path = GameLogicMiddleware.swift; sourceTree = "<group>"; };
/* End PBXFileReference section */

/* Begin PBXFrameworksBuildPhase section */
		79E314E8268A0F61003A1460 /* Frameworks */ = {
			isa = PBXFrameworksBuildPhase;
			buildActionMask = 2147483647;
			files = (
			);
			runOnlyForDeploymentPostprocessing = 0;
		};
/* End PBXFrameworksBuildPhase section */

/* Begin PBXGroup section */
		79E314E2268A0F60003A1460 = {
			isa = PBXGroup;
			children = (
				79E314ED268A0F61003A1460 /* ThreeDucks */,
				79E314EC268A0F61003A1460 /* Products */,
			);
			sourceTree = "<group>";
		};
		79E314EC268A0F61003A1460 /* Products */ = {
			isa = PBXGroup;
			children = (
				79E314EB268A0F61003A1460 /* ThreeDucks.app */,
			);
			name = Products;
			sourceTree = "<group>";
		};
		79E314ED268A0F61003A1460 /* ThreeDucks */ = {
			isa = PBXGroup;
			children = (
				79E31522268A293D003A1460 /* State */,
				79E31507268A13F6003A1460 /* Views */,
				79E31506268A13EE003A1460 /* Model */,
				79E314FF268A12CC003A1460 /* Assets */,
				79E314EE268A0F61003A1460 /* ThreeDucksApp.swift */,
				79E314F0268A0F61003A1460 /* ContentView.swift */,
				79E314F7268A0F62003A1460 /* Info.plist */,
				79E314F4268A0F62003A1460 /* Preview Content */,
			);
			path = ThreeDucks;
			sourceTree = "<group>";
		};
		79E314F4268A0F62003A1460 /* Preview Content */ = {
			isa = PBXGroup;
			children = (
				79E314F5268A0F62003A1460 /* Preview Assets.xcassets */,
			);
			path = "Preview Content";
			sourceTree = "<group>";
		};
		79E314FF268A12CC003A1460 /* Assets */ = {
			isa = PBXGroup;
			children = (
				79E31500268A12CC003A1460 /* Assets.xcassets */,
				79E31501268A12CC003A1460 /* duck.mp3 */,
			);
			path = Assets;
			sourceTree = "<group>";
		};
		79E31506268A13EE003A1460 /* Model */ = {
			isa = PBXGroup;
			children = (
				79E31508268A13FE003A1460 /* DifficultyLevel.swift */,
				79E3150A268A16AB003A1460 /* Card.swift */,
				79E3150C268A17A9003A1460 /* Animal.swift */,
				79E3150E268A1898003A1460 /* GameState.swift */,
				79E31510268A18B8003A1460 /* Score.swift */,
				79E31512268A1984003A1460 /* ScorePersistence.swift */,
				79E31514268A1AEF003A1460 /* QuackPlayer.swift */,
			);
			path = Model;
			sourceTree = "<group>";
		};
		79E31507268A13F6003A1460 /* Views */ = {
			isa = PBXGroup;
			children = (
				79E314FD268A0FCB003A1460 /* TitleScreenView.swift */,
				79E31516268A1C25003A1460 /* GameWinScreenView.swift */,
				79E31518268A1D5D003A1460 /* GameScreenView.swift */,
				79E3151A268A2074003A1460 /* CardGridView.swift */,
				79E3151C268A21C4003A1460 /* CardView.swift */,
				79E3151E268A22D8003A1460 /* CardFrontContentView.swift */,
				79E31520268A2421003A1460 /* CardBackContentView.swift */,
			);
			path = Views;
			sourceTree = "<group>";
		};
		79E31522268A293D003A1460 /* State */ = {
			isa = PBXGroup;
			children = (
				79E31523268A294E003A1460 /* State.swift */,
				79E31525268A299A003A1460 /* Store.swift */,
				79E31527268A2CA5003A1460 /* Action.swift */,
				79E31529268A2D55003A1460 /* Reducer.swift */,
				79E3152B268A3B74003A1460 /* Middleware.swift */,
				79E3152D268A3CEF003A1460 /* GameLogicMiddleware.swift */,
			);
			path = State;
			sourceTree = "<group>";
		};
/* End PBXGroup section */

/* Begin PBXNativeTarget section */
		79E314EA268A0F61003A1460 /* ThreeDucks */ = {
			isa = PBXNativeTarget;
			buildConfigurationList = 79E314FA268A0F62003A1460 /* Build configuration list for PBXNativeTarget "ThreeDucks" */;
			buildPhases = (
				79E314E7268A0F61003A1460 /* Sources */,
				79E314E8268A0F61003A1460 /* Frameworks */,
				79E314E9268A0F61003A1460 /* Resources */,
			);
			buildRules = (
			);
			dependencies = (
			);
			name = ThreeDucks;
			productName = ThreeDucks;
			productReference = 79E314EB268A0F61003A1460 /* ThreeDucks.app */;
			productType = "com.apple.product-type.application";
		};
/* End PBXNativeTarget section */

/* Begin PBXProject section */
		79E314E3268A0F60003A1460 /* Project object */ = {
			isa = PBXProject;
			attributes = {
				LastSwiftUpdateCheck = 1250;
				LastUpgradeCheck = 1250;
				TargetAttributes = {
					79E314EA268A0F61003A1460 = {
						CreatedOnToolsVersion = 12.5;
					};
				};
			};
			buildConfigurationList = 79E314E6268A0F60003A1460 /* Build configuration list for PBXProject "ThreeDucks" */;
			compatibilityVersion = "Xcode 9.3";
			developmentRegion = en;
			hasScannedForEncodings = 0;
			knownRegions = (
				en,
				Base,
			);
			mainGroup = 79E314E2268A0F60003A1460;
			productRefGroup = 79E314EC268A0F61003A1460 /* Products */;
			projectDirPath = "";
			projectRoot = "";
			targets = (
				79E314EA268A0F61003A1460 /* ThreeDucks */,
			);
		};
/* End PBXProject section */

/* Begin PBXResourcesBuildPhase section */
		79E314E9268A0F61003A1460 /* Resources */ = {
			isa = PBXResourcesBuildPhase;
			buildActionMask = 2147483647;
			files = (
				79E314F6268A0F62003A1460 /* Preview Assets.xcassets in Resources */,
				79E31503268A12CC003A1460 /* duck.mp3 in Resources */,
				79E31502268A12CC003A1460 /* Assets.xcassets in Resources */,
			);
			runOnlyForDeploymentPostprocessing = 0;
		};
/* End PBXResourcesBuildPhase section */

/* Begin PBXSourcesBuildPhase section */
		79E314E7268A0F61003A1460 /* Sources */ = {
			isa = PBXSourcesBuildPhase;
			buildActionMask = 2147483647;
			files = (
				79E3151D268A21C4003A1460 /* CardView.swift in Sources */,
				79E31524268A294E003A1460 /* State.swift in Sources */,
				79E3150F268A1898003A1460 /* GameState.swift in Sources */,
				79E31526268A299A003A1460 /* Store.swift in Sources */,
				79E314F1268A0F61003A1460 /* ContentView.swift in Sources */,
				79E31517268A1C25003A1460 /* GameWinScreenView.swift in Sources */,
				79E3152C268A3B74003A1460 /* Middleware.swift in Sources */,
				79E31511268A18B8003A1460 /* Score.swift in Sources */,
				79E3152E268A3CEF003A1460 /* GameLogicMiddleware.swift in Sources */,
				79E31528268A2CA5003A1460 /* Action.swift in Sources */,
				79E31521268A2421003A1460 /* CardBackContentView.swift in Sources */,
				79E314FE268A0FCB003A1460 /* TitleScreenView.swift in Sources */,
				79E3151F268A22D8003A1460 /* CardFrontContentView.swift in Sources */,
				79E3150B268A16AB003A1460 /* Card.swift in Sources */,
				79E314EF268A0F61003A1460 /* ThreeDucksApp.swift in Sources */,
				79E31513268A1984003A1460 /* ScorePersistence.swift in Sources */,
				79E31519268A1D5D003A1460 /* GameScreenView.swift in Sources */,
				79E31509268A13FE003A1460 /* DifficultyLevel.swift in Sources */,
				79E31515268A1AEF003A1460 /* QuackPlayer.swift in Sources */,
				79E3150D268A17A9003A1460 /* Animal.swift in Sources */,
				79E3152A268A2D55003A1460 /* Reducer.swift in Sources */,
				79E3151B268A2074003A1460 /* CardGridView.swift in Sources */,
			);
			runOnlyForDeploymentPostprocessing = 0;
		};
/* End PBXSourcesBuildPhase section */

/* Begin XCBuildConfiguration section */
		79E314F8268A0F62003A1460 /* Debug */ = {
			isa = XCBuildConfiguration;
			buildSettings = {
				ALWAYS_SEARCH_USER_PATHS = NO;
				CLANG_ANALYZER_NONNULL = YES;
				CLANG_ANALYZER_NUMBER_OBJECT_CONVERSION = YES_AGGRESSIVE;
				CLANG_CXX_LANGUAGE_STANDARD = "gnu++14";
				CLANG_CXX_LIBRARY = "libc++";
				CLANG_ENABLE_MODULES = YES;
				CLANG_ENABLE_OBJC_ARC = YES;
				CLANG_ENABLE_OBJC_WEAK = YES;
				CLANG_WARN_BLOCK_CAPTURE_AUTORELEASING = YES;
				CLANG_WARN_BOOL_CONVERSION = YES;
				CLANG_WARN_COMMA = YES;
				CLANG_WARN_CONSTANT_CONVERSION = YES;
				CLANG_WARN_DEPRECATED_OBJC_IMPLEMENTATIONS = YES;
				CLANG_WARN_DIRECT_OBJC_ISA_USAGE = YES_ERROR;
				CLANG_WARN_DOCUMENTATION_COMMENTS = YES;
				CLANG_WARN_EMPTY_BODY = YES;
				CLANG_WARN_ENUM_CONVERSION = YES;
				CLANG_WARN_INFINITE_RECURSION = YES;
				CLANG_WARN_INT_CONVERSION = YES;
				CLANG_WARN_NON_LITERAL_NULL_CONVERSION = YES;
				CLANG_WARN_OBJC_IMPLICIT_RETAIN_SELF = YES;
				CLANG_WARN_OBJC_LITERAL_CONVERSION = YES;
				CLANG_WARN_OBJC_ROOT_CLASS = YES_ERROR;
				CLANG_WARN_QUOTED_INCLUDE_IN_FRAMEWORK_HEADER = YES;
				CLANG_WARN_RANGE_LOOP_ANALYSIS = YES;
				CLANG_WARN_STRICT_PROTOTYPES = YES;
				CLANG_WARN_SUSPICIOUS_MOVE = YES;
				CLANG_WARN_UNGUARDED_AVAILABILITY = YES_AGGRESSIVE;
				CLANG_WARN_UNREACHABLE_CODE = YES;
				CLANG_WARN__DUPLICATE_METHOD_MATCH = YES;
				COPY_PHASE_STRIP = NO;
				DEBUG_INFORMATION_FORMAT = dwarf;
				ENABLE_STRICT_OBJC_MSGSEND = YES;
				ENABLE_TESTABILITY = YES;
				GCC_C_LANGUAGE_STANDARD = gnu11;
				GCC_DYNAMIC_NO_PIC = NO;
				GCC_NO_COMMON_BLOCKS = YES;
				GCC_OPTIMIZATION_LEVEL = 0;
				GCC_PREPROCESSOR_DEFINITIONS = (
					"DEBUG=1",
					"$(inherited)",
				);
				GCC_WARN_64_TO_32_BIT_CONVERSION = YES;
				GCC_WARN_ABOUT_RETURN_TYPE = YES_ERROR;
				GCC_WARN_UNDECLARED_SELECTOR = YES;
				GCC_WARN_UNINITIALIZED_AUTOS = YES_AGGRESSIVE;
				GCC_WARN_UNUSED_FUNCTION = YES;
				GCC_WARN_UNUSED_VARIABLE = YES;
				IPHONEOS_DEPLOYMENT_TARGET = 14.5;
				MTL_ENABLE_DEBUG_INFO = INCLUDE_SOURCE;
				MTL_FAST_MATH = YES;
				ONLY_ACTIVE_ARCH = YES;
				SDKROOT = iphoneos;
				SWIFT_ACTIVE_COMPILATION_CONDITIONS = DEBUG;
				SWIFT_OPTIMIZATION_LEVEL = "-Onone";
			};
			name = Debug;
		};
		79E314F9268A0F62003A1460 /* Release */ = {
			isa = XCBuildConfiguration;
			buildSettings = {
				ALWAYS_SEARCH_USER_PATHS = NO;
				CLANG_ANALYZER_NONNULL = YES;
				CLANG_ANALYZER_NUMBER_OBJECT_CONVERSION = YES_AGGRESSIVE;
				CLANG_CXX_LANGUAGE_STANDARD = "gnu++14";
				CLANG_CXX_LIBRARY = "libc++";
				CLANG_ENABLE_MODULES = YES;
				CLANG_ENABLE_OBJC_ARC = YES;
				CLANG_ENABLE_OBJC_WEAK = YES;
				CLANG_WARN_BLOCK_CAPTURE_AUTORELEASING = YES;
				CLANG_WARN_BOOL_CONVERSION = YES;
				CLANG_WARN_COMMA = YES;
				CLANG_WARN_CONSTANT_CONVERSION = YES;
				CLANG_WARN_DEPRECATED_OBJC_IMPLEMENTATIONS = YES;
				CLANG_WARN_DIRECT_OBJC_ISA_USAGE = YES_ERROR;
				CLANG_WARN_DOCUMENTATION_COMMENTS = YES;
				CLANG_WARN_EMPTY_BODY = YES;
				CLANG_WARN_ENUM_CONVERSION = YES;
				CLANG_WARN_INFINITE_RECURSION = YES;
				CLANG_WARN_INT_CONVERSION = YES;
				CLANG_WARN_NON_LITERAL_NULL_CONVERSION = YES;
				CLANG_WARN_OBJC_IMPLICIT_RETAIN_SELF = YES;
				CLANG_WARN_OBJC_LITERAL_CONVERSION = YES;
				CLANG_WARN_OBJC_ROOT_CLASS = YES_ERROR;
				CLANG_WARN_QUOTED_INCLUDE_IN_FRAMEWORK_HEADER = YES;
				CLANG_WARN_RANGE_LOOP_ANALYSIS = YES;
				CLANG_WARN_STRICT_PROTOTYPES = YES;
				CLANG_WARN_SUSPICIOUS_MOVE = YES;
				CLANG_WARN_UNGUARDED_AVAILABILITY = YES_AGGRESSIVE;
				CLANG_WARN_UNREACHABLE_CODE = YES;
				CLANG_WARN__DUPLICATE_METHOD_MATCH = YES;
				COPY_PHASE_STRIP = NO;
				DEBUG_INFORMATION_FORMAT = "dwarf-with-dsym";
				ENABLE_NS_ASSERTIONS = NO;
				ENABLE_STRICT_OBJC_MSGSEND = YES;
				GCC_C_LANGUAGE_STANDARD = gnu11;
				GCC_NO_COMMON_BLOCKS = YES;
				GCC_WARN_64_TO_32_BIT_CONVERSION = YES;
				GCC_WARN_ABOUT_RETURN_TYPE = YES_ERROR;
				GCC_WARN_UNDECLARED_SELECTOR = YES;
				GCC_WARN_UNINITIALIZED_AUTOS = YES_AGGRESSIVE;
				GCC_WARN_UNUSED_FUNCTION = YES;
				GCC_WARN_UNUSED_VARIABLE = YES;
				IPHONEOS_DEPLOYMENT_TARGET = 14.5;
				MTL_ENABLE_DEBUG_INFO = NO;
				MTL_FAST_MATH = YES;
				SDKROOT = iphoneos;
				SWIFT_COMPILATION_MODE = wholemodule;
				SWIFT_OPTIMIZATION_LEVEL = "-O";
				VALIDATE_PRODUCT = YES;
			};
			name = Release;
		};
		79E314FB268A0F62003A1460 /* Debug */ = {
			isa = XCBuildConfiguration;
			buildSettings = {
				ASSETCATALOG_COMPILER_GLOBAL_ACCENT_COLOR_NAME = AccentColor;
				CODE_SIGN_STYLE = Automatic;
				DEVELOPMENT_ASSET_PATHS = "\"ThreeDucks/Preview Content\"";
				DEVELOPMENT_TEAM = Y4MB2B6UD3;
				ENABLE_PREVIEWS = YES;
				INFOPLIST_FILE = ThreeDucks/Info.plist;
				IPHONEOS_DEPLOYMENT_TARGET = 14.0;
				LD_RUNPATH_SEARCH_PATHS = (
					"$(inherited)",
					"@executable_path/Frameworks",
				);
				PRODUCT_BUNDLE_IDENTIFIER = com.liang.ThreeDucks;
				PRODUCT_NAME = "$(TARGET_NAME)";
				SWIFT_VERSION = 5.0;
				TARGETED_DEVICE_FAMILY = "1,2";
			};
			name = Debug;
		};
		79E314FC268A0F62003A1460 /* Release */ = {
			isa = XCBuildConfiguration;
			buildSettings = {
				ASSETCATALOG_COMPILER_GLOBAL_ACCENT_COLOR_NAME = AccentColor;
				CODE_SIGN_STYLE = Automatic;
				DEVELOPMENT_ASSET_PATHS = "\"ThreeDucks/Preview Content\"";
				DEVELOPMENT_TEAM = Y4MB2B6UD3;
				ENABLE_PREVIEWS = YES;
				INFOPLIST_FILE = ThreeDucks/Info.plist;
				IPHONEOS_DEPLOYMENT_TARGET = 14.0;
				LD_RUNPATH_SEARCH_PATHS = (
					"$(inherited)",
					"@executable_path/Frameworks",
				);
				PRODUCT_BUNDLE_IDENTIFIER = com.liang.ThreeDucks;
				PRODUCT_NAME = "$(TARGET_NAME)";
				SWIFT_VERSION = 5.0;
				TARGETED_DEVICE_FAMILY = "1,2";
			};
			name = Release;
		};
/* End XCBuildConfiguration section */

/* Begin XCConfigurationList section */
		79E314E6268A0F60003A1460 /* Build configuration list for PBXProject "ThreeDucks" */ = {
			isa = XCConfigurationList;
			buildConfigurations = (
				79E314F8268A0F62003A1460 /* Debug */,
				79E314F9268A0F62003A1460 /* Release */,
			);
			defaultConfigurationIsVisible = 0;
			defaultConfigurationName = Release;
		};
		79E314FA268A0F62003A1460 /* Build configuration list for PBXNativeTarget "ThreeDucks" */ = {
			isa = XCConfigurationList;
			buildConfigurations = (
				79E314FB268A0F62003A1460 /* Debug */,
				79E314FC268A0F62003A1460 /* Release */,
			);
			defaultConfigurationIsVisible = 0;
			defaultConfigurationName = Release;
		};
/* End XCConfigurationList section */
	};
	rootObject = 79E314E3268A0F60003A1460 /* Project object */;
}
